
Microsoft Visual Studio Solution File, Format Version 12.00
# Visual Studio Version 16
VisualStudioVersion = 16.0.31321.278
MinimumVisualStudioVersion = 10.0.40219.1
Project("{9A19103F-16F7-4668-BE54-9A1E7A4F7556}") = "ProceedToBuyModule", "ProceedToBuyModule\ProceedToBuyModule.csproj", "{C24456CA-AA57-46DE-83A5-F865CD278D18}"
EndProject
Project("{FAE04EC0-301F-11D3-BF4B-00C04F79EFBC}") = "CartWishlist.Testing", "CartWishlist.Testing\CartWishlist.Testing.csproj", "{8686AE36-300E-48CE-A440-0647138F1043}"
EndProject
Global
	GlobalSection(SolutionConfigurationPlatforms) = preSolution
		Debug|Any CPU = Debug|Any CPU
		Release|Any CPU = Release|Any CPU
	EndGlobalSection
	GlobalSection(ProjectConfigurationPlatforms) = postSolution
		{C24456CA-AA57-46DE-83A5-F865CD278D18}.Debug|Any CPU.ActiveCfg = Debug|Any CPU
		{C24456CA-AA57-46DE-83A5-F865CD278D18}.Debug|Any CPU.Build.0 = Debug|Any CPU
		{C24456CA-AA57-46DE-83A5-F865CD278D18}.Release|Any CPU.ActiveCfg = Release|Any CPU
		{C24456CA-AA57-46DE-83A5-F865CD278D18}.Release|Any CPU.Build.0 = Release|Any CPU
		{8686AE36-300E-48CE-A440-0647138F1043}.Debug|Any CPU.ActiveCfg = Debug|Any CPU
		{8686AE36-300E-48CE-A440-0647138F1043}.Debug|Any CPU.Build.0 = Debug|Any CPU
		{8686AE36-300E-48CE-A440-0647138F1043}.Release|Any CPU.ActiveCfg = Release|Any CPU
		{8686AE36-300E-48CE-A440-0647138F1043}.Release|Any CPU.Build.0 = Release|Any CPU
	EndGlobalSection
	GlobalSection(SolutionProperties) = preSolution
		HideSolutionNode = FALSE
	EndGlobalSection
	GlobalSection(ExtensibilityGlobals) = postSolution
		SolutionGuid = {C380B321-C4AE-4A0D-9CD2-3B21738FD25D}
	EndGlobalSection
EndGlobal
